
Microsoft Visual Studio Solution File, Format Version 12.00
# Visual Studio Version 17
VisualStudioVersion = 17.5.33424.131
MinimumVisualStudioVersion = 10.0.40219.1
Project("{FAE04EC0-301F-11D3-BF4B-00C04F79EFBC}") = "ContaCorrente.ConsoleApp1", "ContaCorrente.ConsoleApp1\ContaCorrente.ConsoleApp1.csproj", "{CED096DF-5E39-456D-AE86-3B52A3EDC6B4}"
EndProject
Global
	GlobalSection(SolutionConfigurationPlatforms) = preSolution
		Debug|Any CPU = Debug|Any CPU
		Release|Any CPU = Release|Any CPU
	EndGlobalSection
	GlobalSection(ProjectConfigurationPlatforms) = postSolution
		{CED096DF-5E39-456D-AE86-3B52A3EDC6B4}.Debug|Any CPU.ActiveCfg = Debug|Any CPU
		{CED096DF-5E39-456D-AE86-3B52A3EDC6B4}.Debug|Any CPU.Build.0 = Debug|Any CPU
		{CED096DF-5E39-456D-AE86-3B52A3EDC6B4}.Release|Any CPU.ActiveCfg = Release|Any CPU
		{CED096DF-5E39-456D-AE86-3B52A3EDC6B4}.Release|Any CPU.Build.0 = Release|Any CPU
	EndGlobalSection
	GlobalSection(SolutionProperties) = preSolution
		HideSolutionNode = FALSE
	EndGlobalSection
	GlobalSection(ExtensibilityGlobals) = postSolution
		SolutionGuid = {5260B0DC-DCA0-4427-BED9-58CE6C1BA5B4}
	EndGlobalSection
EndGlobal
